
Microsoft Visual Studio Solution File, Format Version 12.00
# Visual Studio Version 17
VisualStudioVersion = 17.11.35219.272
MinimumVisualStudioVersion = 10.0.40219.1
Project("{9A19103F-16F7-4668-BE54-9A1E7A4F7556}") = "ExerciciosCursoC#", "ExerciciosCursoC#\ExerciciosCursoC#.csproj", "{D97274FC-D5FD-4D41-8492-17B6BDDD5E86}"
EndProject
Project("{9A19103F-16F7-4668-BE54-9A1E7A4F7556}") = "exercisios1009", "ExerciciosCursoC#\exercisios1009\exercisios1009.csproj", "{4F78289D-9F72-47E5-B3D8-877FA6BA1398}"
EndProject
Project("{9A19103F-16F7-4668-BE54-9A1E7A4F7556}") = "testandoexercicio", "ExerciciosCursoC#\testandoexercicio\testandoexercicio.csproj", "{0FA95282-49A4-46B1-9517-FAE1029950AB}"
EndProject
Project("{9A19103F-16F7-4668-BE54-9A1E7A4F7556}") = "1009-SalarioComBonus", "ExerciciosCursoC#\Teste exercicio1009\1009-SalarioComBonus.csproj", "{CB4092E7-8AC1-4580-ADDA-925042414CCD}"
EndProject
Project("{9A19103F-16F7-4668-BE54-9A1E7A4F7556}") = "1012-CalculandoÁrea", "1012-CalculandoÁrea\1012-CalculandoÁrea.csproj", "{DB237176-501B-40EF-9298-039A872E6439}"
EndProject
Project("{FAE04EC0-301F-11D3-BF4B-00C04F79EFBC}") = "1013 - he o maior", "1013 - he o maior\1013 - he o maior.csproj", "{51E41085-6AC1-4C01-8681-237354E0099A}"
EndProject
Project("{FAE04EC0-301F-11D3-BF4B-00C04F79EFBC}") = "1015-DistanciaEntreDoisPontos", "DistanciaEntreDoisPontos\1015-DistanciaEntreDoisPontos.csproj", "{821F0BB5-5115-47A6-8F64-95326C99B20A}"
EndProject
Global
	GlobalSection(SolutionConfigurationPlatforms) = preSolution
		Debug|Any CPU = Debug|Any CPU
		Release|Any CPU = Release|Any CPU
	EndGlobalSection
	GlobalSection(ProjectConfigurationPlatforms) = postSolution
		{D97274FC-D5FD-4D41-8492-17B6BDDD5E86}.Debug|Any CPU.ActiveCfg = Debug|Any CPU
		{D97274FC-D5FD-4D41-8492-17B6BDDD5E86}.Debug|Any CPU.Build.0 = Debug|Any CPU
		{D97274FC-D5FD-4D41-8492-17B6BDDD5E86}.Release|Any CPU.ActiveCfg = Release|Any CPU
		{D97274FC-D5FD-4D41-8492-17B6BDDD5E86}.Release|Any CPU.Build.0 = Release|Any CPU
		{4F78289D-9F72-47E5-B3D8-877FA6BA1398}.Debug|Any CPU.ActiveCfg = Debug|Any CPU
		{4F78289D-9F72-47E5-B3D8-877FA6BA1398}.Debug|Any CPU.Build.0 = Debug|Any CPU
		{4F78289D-9F72-47E5-B3D8-877FA6BA1398}.Release|Any CPU.ActiveCfg = Release|Any CPU
		{4F78289D-9F72-47E5-B3D8-877FA6BA1398}.Release|Any CPU.Build.0 = Release|Any CPU
		{0FA95282-49A4-46B1-9517-FAE1029950AB}.Debug|Any CPU.ActiveCfg = Debug|Any CPU
		{0FA95282-49A4-46B1-9517-FAE1029950AB}.Debug|Any CPU.Build.0 = Debug|Any CPU
		{0FA95282-49A4-46B1-9517-FAE1029950AB}.Release|Any CPU.ActiveCfg = Release|Any CPU
		{0FA95282-49A4-46B1-9517-FAE1029950AB}.Release|Any CPU.Build.0 = Release|Any CPU
		{CB4092E7-8AC1-4580-ADDA-925042414CCD}.Debug|Any CPU.ActiveCfg = Debug|Any CPU
		{CB4092E7-8AC1-4580-ADDA-925042414CCD}.Debug|Any CPU.Build.0 = Debug|Any CPU
		{CB4092E7-8AC1-4580-ADDA-925042414CCD}.Release|Any CPU.ActiveCfg = Release|Any CPU
		{CB4092E7-8AC1-4580-ADDA-925042414CCD}.Release|Any CPU.Build.0 = Release|Any CPU
		{DB237176-501B-40EF-9298-039A872E6439}.Debug|Any CPU.ActiveCfg = Debug|Any CPU
		{DB237176-501B-40EF-9298-039A872E6439}.Debug|Any CPU.Build.0 = Debug|Any CPU
		{DB237176-501B-40EF-9298-039A872E6439}.Release|Any CPU.ActiveCfg = Release|Any CPU
		{DB237176-501B-40EF-9298-039A872E6439}.Release|Any CPU.Build.0 = Release|Any CPU
		{51E41085-6AC1-4C01-8681-237354E0099A}.Debug|Any CPU.ActiveCfg = Debug|Any CPU
		{51E41085-6AC1-4C01-8681-237354E0099A}.Debug|Any CPU.Build.0 = Debug|Any CPU
		{51E41085-6AC1-4C01-8681-237354E0099A}.Release|Any CPU.ActiveCfg = Release|Any CPU
		{51E41085-6AC1-4C01-8681-237354E0099A}.Release|Any CPU.Build.0 = Release|Any CPU
		{821F0BB5-5115-47A6-8F64-95326C99B20A}.Debug|Any CPU.ActiveCfg = Debug|Any CPU
		{821F0BB5-5115-47A6-8F64-95326C99B20A}.Debug|Any CPU.Build.0 = Debug|Any CPU
		{821F0BB5-5115-47A6-8F64-95326C99B20A}.Release|Any CPU.ActiveCfg = Release|Any CPU
		{821F0BB5-5115-47A6-8F64-95326C99B20A}.Release|Any CPU.Build.0 = Release|Any CPU
	EndGlobalSection
	GlobalSection(SolutionProperties) = preSolution
		HideSolutionNode = FALSE
	EndGlobalSection
	GlobalSection(ExtensibilityGlobals) = postSolution
		SolutionGuid = {6AA2D448-3E0F-4919-B650-F9F166FABA12}
	EndGlobalSection
EndGlobal
